
Microsoft Visual Studio Solution File, Format Version 12.00
# Visual Studio Version 17
VisualStudioVersion = 17.14.36414.22 d17.14
MinimumVisualStudioVersion = 10.0.40219.1
Project("{FAE04EC0-301F-11D3-BF4B-00C04F79EFBC}") = "GitHubTest", "GitHubTest\GitHubTest.csproj", "{C1581B29-9D22-4054-A43B-AA239DDCB972}"
EndProject
Global
	GlobalSection(SolutionConfigurationPlatforms) = preSolution
		Debug|Any CPU = Debug|Any CPU
		Release|Any CPU = Release|Any CPU
	EndGlobalSection
	GlobalSection(ProjectConfigurationPlatforms) = postSolution
		{C1581B29-9D22-4054-A43B-AA239DDCB972}.Debug|Any CPU.ActiveCfg = Debug|Any CPU
		{C1581B29-9D22-4054-A43B-AA239DDCB972}.Debug|Any CPU.Build.0 = Debug|Any CPU
		{C1581B29-9D22-4054-A43B-AA239DDCB972}.Release|Any CPU.ActiveCfg = Release|Any CPU
		{C1581B29-9D22-4054-A43B-AA239DDCB972}.Release|Any CPU.Build.0 = Release|Any CPU
	EndGlobalSection
	GlobalSection(SolutionProperties) = preSolution
		HideSolutionNode = FALSE
	EndGlobalSection
	GlobalSection(ExtensibilityGlobals) = postSolution
		SolutionGuid = {609CE43E-284F-4ED6-8BEE-1CA836D4D610}
	EndGlobalSection
EndGlobal
